
Microsoft Visual Studio Solution File, Format Version 12.00
# Visual Studio Version 16
VisualStudioVersion = 16.0.29318.209
MinimumVisualStudioVersion = 10.0.40219.1
Project("{FAE04EC0-301F-11D3-BF4B-00C04F79EFBC}") = "WebApplication1", "WebApplication1\WebApplication1.csproj", "{C976BFBF-4BD5-48CB-B305-6EB420602542}"
EndProject
Global
	GlobalSection(SolutionConfigurationPlatforms) = preSolution
		Debug|Any CPU = Debug|Any CPU
		Release|Any CPU = Release|Any CPU
	EndGlobalSection
	GlobalSection(ProjectConfigurationPlatforms) = postSolution
		{C976BFBF-4BD5-48CB-B305-6EB420602542}.Debug|Any CPU.ActiveCfg = Debug|Any CPU
		{C976BFBF-4BD5-48CB-B305-6EB420602542}.Debug|Any CPU.Build.0 = Debug|Any CPU
		{C976BFBF-4BD5-48CB-B305-6EB420602542}.Release|Any CPU.ActiveCfg = Release|Any CPU
		{C976BFBF-4BD5-48CB-B305-6EB420602542}.Release|Any CPU.Build.0 = Release|Any CPU
	EndGlobalSection
	GlobalSection(SolutionProperties) = preSolution
		HideSolutionNode = FALSE
	EndGlobalSection
	GlobalSection(ExtensibilityGlobals) = postSolution
		SolutionGuid = {D6D04936-6EBA-49E5-876C-37824E81110E}
	EndGlobalSection
EndGlobal
